<?xml version="1.0" encoding="utf-8"?>
<Project ToolsVersion="4.0" xmlns="http://schemas.microsoft.com/developer/msbuild/2003">
  <ItemGroup>
    <ClCompile Include="controller\BillingRecords\BillingRecordsController.cpp" />
    <ClCompile Include="controller\collectionplans\CollectionPlansController.cpp" />
    <ClCompile Include="controller\collectionplan\updatePayPlanController.cpp" />
    <ClCompile Include="controller\collectionrecords\CollectionRecordsController.cpp" />
    <ClCompile Include="controller\paybackmanage\DelPayPlanController.cpp" />
    <ClCompile Include="controller\paybackmanage\SelectAmountInfoController.cpp" />
    <ClCompile Include="controller\Router.cpp" />
    <ClCompile Include="controller\SystemInterceptor.cpp" />
    <ClCompile Include="domain\vo\collectionrecorde\CollectionRecordVO.h" />
    <ClCompile Include="main.cpp" />
    <ClCompile Include="stdafx.cpp" />
    <ClCompile Include="service\paybackmanage\DelPayPlan_GetAmountInfoService.cpp" />
    <ClCompile Include="dao\paybackmanage\DelPayPlan_GetAmountInfoDAO.cpp" />
    <ClCompile Include="service\collectionplans\CollectionPlansService.cpp" />
    <ClCompile Include="dao\collectionplans\CollectionPlansDAO.cpp" />
    <ClCompile Include="service\collectionrecord\CollectionRecordService.cpp" />
    <ClCompile Include="domain\do\collectionrecord\CollectionRecordDO.h" />
    <ClCompile Include="dao\collectionrecord\CollectionRecordDAO.cpp" />
    <ClCompile Include="service\collectionplan\updatePayPlanService.cpp" />
    <ClCompile Include="dao\collectionplan\updatePayPlanDAO.cpp" />
    <ClCompile Include="controller\BillingRecords\BillingRecordsController.cpp" />
    <ClCompile Include="controller\collectionplan\updatePayPlanController.cpp" />
    <ClCompile Include="controller\collectionplans\CollectionPlansController.cpp" />
    <ClCompile Include="controller\collectionrecords\CollectionRecordsController.cpp" />
    <ClCompile Include="controller\paybackmanage\DelPayPlanController.cpp" />
    <ClCompile Include="controller\paybackmanage\SelectAmountInfoController.cpp" />
    <ClCompile Include="service\BillingRecords\BillingRecordsService.cpp" />
    <ClCompile Include="dao\BillingRecords\BillingRecordsDAO.cpp" />
    <ClCompile Include="controller\invoice\InvoiceController.cpp" />
    <ClCompile Include="dao\invoice\InvoiceDAO.cpp" />
    <ClCompile Include="service\invoice\InvoiceService.cpp" />
  </ItemGroup>
  <ItemGroup>
    <ClInclude Include="controller\BillingRecords\BillingRecordsController.h" />
    <ClInclude Include="controller\collectionplans\CollectionPlansController.h" />
    <ClInclude Include="controller\collectionplan\updatePayPlanController.h" />
    <ClInclude Include="controller\collectionrecords\CollectionRecordsController.h" />
    <ClInclude Include="controller\paybackmanage\DelPayPlanController.h" />
    <ClInclude Include="controller\paybackmanage\SelectAmountInfoController.h" />
    <ClInclude Include="controller\Router.h" />
    <ClInclude Include="domain\dto\BillingRecords\DeleteBillingRecordsDTO.h" />
    <ClInclude Include="domain\dto\BillingRecords\ExportBillingRecordsDTO.h" />
    <ClInclude Include="domain\dto\collectionplans\AddCollectionPlanDTO.h" />
    <ClInclude Include="domain\dto\collectionplans\GetCollectionPlanListDTO.h" />
    <ClInclude Include="domain\dto\collectionplan\updateConfirmPlanDTO.h" />
    <ClInclude Include="domain\dto\collectionplan\updatePayPlanDTO.h" />
    <ClInclude Include="domain\dto\collectionrecords\CollectionRecordDTO.h" />
    <ClInclude Include="domain\dto\collectionrecords\delCollectionRecordDTO.h" />
    <ClInclude Include="domain\dto\collectionrecords\exportCollectionRecordDTO.h" />
    <ClInclude Include="domain\do\paybackmanage\PaybackInfoDO.h" />
    <ClInclude Include="domain\dto\paybackmanage\DeletePayPlanDTO.h" />
    <ClInclude Include="domain\GlobalInclude.h" />
    <ClInclude Include="domain\query\collectionplans\CollectionPlansQuery.h" />
    <ClInclude Include="domain\query\collectionrecord\CollectionRecordQuery.h" />
    <ClInclude Include="domain\query\paybackmanage\SelectAmountInfoQuery.h" />
    <ClInclude Include="domain\vo\paybackmanage\VectorAmountJsonVO.h" />
    <ClInclude Include="domain\vo\collectionplans\CollectionPlansVO.h" />
    <ClInclude Include="Macros.h" />
    <ClInclude Include="ServerInfo.h" />
    <ClInclude Include="service\paybackmanage\DelPayPlan_GetAmountInfoService.h" />
    <ClInclude Include="stdafx.h" />
    <ClInclude Include="domain\query\paybackmanage\SelectAmountInfoDTO.h" />
    <ClInclude Include="domain\vo\ExportBillingRecordsPageJsonVO.h" />
    <ClInclude Include="dao\paybackmanage\DelPayPlan_GetAmountInfoDAO.h" />
    <ClInclude Include="dao\paybackmanage\GetAmountInfoMapper.h" />
    <ClInclude Include="domain\do\DoInclude.h" />
    <ClInclude Include="domain\do\collectionplans\GetCollectionPlanListDO.h" />
    <ClInclude Include="service\collectionplans\CollectionPlansService.h" />
    <ClInclude Include="dao\collectionplans\CollectionPlansDAO.h" />
    <ClInclude Include="service\collectionrecord\CollectionRecordService.h" />
    <ClInclude Include="dao\collectionrecord\CollectionRecordDAO.h" />
    <ClInclude Include="dao\collectionrecord\CollectionRecordMapper.h" />
    <ClInclude Include="service\collectionplan\updatePayPlanService.h" />
    <ClInclude Include="dao\collectionplan\updatePayPlanDAO.h" />
    <ClInclude Include="dao\collectionplan\updatePayPlanMapper.h" />
    <ClInclude Include="domain\do\collectionplan\updatePayPlanDO.h" />
    <ClInclude Include="domain\vo\collectionplan\updatePayPlanVO.h" />
    <ClInclude Include="controller\BillingRecords\BillingRecordsController.h" />
    <ClInclude Include="controller\collectionplan\updatePayPlanController.h" />
    <ClInclude Include="controller\collectionplans\CollectionPlansController.h" />
    <ClInclude Include="controller\collectionrecords\CollectionRecordsController.h" />
    <ClInclude Include="controller\paybackmanage\DelPayPlanController.h" />
    <ClInclude Include="controller\paybackmanage\SelectAmountInfoController.h" />
    <ClInclude Include="service\BillingRecords\BillingRecordsService.h" />
    <ClInclude Include="dao\BillingRecords\BillingRecordsDAO.h" />
    <ClInclude Include="domain\do\BillingRecords\BillingRecordsDO.h" />
    <ClInclude Include="dao\BillingRecords\BillingRecordsMapper.h" />
    <ClInclude Include="dao\collectionplans\CollectionPlansMapper.h" />
    <ClInclude Include="controller\invoice\InvoiceController.h" />
    <ClInclude Include="dao\invoice\InvoiceDAO.h" />
    <ClInclude Include="dao\invoice\InvoiceMapper.h" />
    <ClInclude Include="domain\do\invoice\InvoiceDo.h" />
    <ClInclude Include="domain\dto\invoice\InvoiceAddDTO.h" />
    <ClInclude Include="domain\dto\invoice\InvoiceDTO.h" />
    <ClInclude Include="domain\query\invoice\InvoiceQuery.h" />
    <ClInclude Include="domain\vo\invoice\InvoiceVO.h" />
    <ClInclude Include="service\invoice\InvoiceService.h" />
  </ItemGroup>
  <ItemGroup>
    <None Include="zh-dict.yaml" />
  </ItemGroup>
</Project>