<?xml version="1.0" encoding="utf-8"?>
<Project ToolsVersion="4.0" xmlns="http://schemas.microsoft.com/developer/msbuild/2003">
  <ItemGroup>
    <Filter Include="Source Files">
      <UniqueIdentifier>{4FC737F1-C7A5-4376-A066-2A32D752A2FF}</UniqueIdentifier>
      <Extensions>cpp;c;cc;cxx;c++;cppm;ixx;def;odl;idl;hpj;bat;asm;asmx</Extensions>
    </Filter>
    <Filter Include="Header Files">
      <UniqueIdentifier>{93995380-89BD-4b04-88EB-625FBE52EBFB}</UniqueIdentifier>
      <Extensions>h;hh;hpp;hxx;h++;hm;inl;inc;ipp;xsd</Extensions>
    </Filter>
    <Filter Include="Resource Files">
      <UniqueIdentifier>{67DA6AB6-F800-4c08-8B7A-83BB121AAD01}</UniqueIdentifier>
      <Extensions>rc;ico;cur;bmp;dlg;rc2;rct;bin;rgs;gif;jpg;jpeg;jpe;resx;tiff;tif;png;wav;mfcribbon-ms</Extensions>
    </Filter>
  </ItemGroup>
  <ItemGroup>
    <ClInclude Include="Macros.h">
      <Filter>Header Files</Filter>
    </ClInclude>
    <ClInclude Include="ServerInfo.h">
      <Filter>Header Files</Filter>
    </ClInclude>
    <ClInclude Include="stdafx.h">
      <Filter>Header Files</Filter>
    </ClInclude>
    <ClInclude Include="controller\ApiDeclarativeServicesHelper.h">
      <Filter>Header Files</Filter>
    </ClInclude>
    <ClInclude Include="controller\OtherComponent.hpp">
      <Filter>Header Files</Filter>
    </ClInclude>
    <ClInclude Include="controller\Router.h">
      <Filter>Header Files</Filter>
    </ClInclude>
    <ClInclude Include="domain\do\DoInclude.h">
      <Filter>Header Files</Filter>
    </ClInclude>
    <ClInclude Include="domain\GlobalInclude.h">
      <Filter>Header Files</Filter>
    </ClInclude>
    <ClInclude Include="domain\dto\ListDTO.h">
      <Filter>Header Files</Filter>
    </ClInclude>
    <ClInclude Include="controller\supplier\modifySupplier\ModifySupplierController.h">
      <Filter>Header Files</Filter>
    </ClInclude>
    <ClInclude Include="controller\supplier\querySupplierName\QuerySupplierNameController.h">
      <Filter>Header Files</Filter>
    </ClInclude>
    <ClInclude Include="domain\dto\supplier\ModifySupplierDTO.h">
      <Filter>Header Files</Filter>
    </ClInclude>
    <ClInclude Include="domain\dto\supplier\SupplierDTO.h">
      <Filter>Header Files</Filter>
    </ClInclude>
    <ClInclude Include="domain\dto\supplier\SupplierNameDTO.h">
      <Filter>Header Files</Filter>
    </ClInclude>
    <ClInclude Include="domain\query\supplier\SupplierNameQuery.h">
      <Filter>Header Files</Filter>
    </ClInclude>
    <ClInclude Include="domain\query\supplier\SupplierQuery.h">
      <Filter>Header Files</Filter>
    </ClInclude>
    <ClInclude Include="domain\vo\supplier\SupplierNameVO.h">
      <Filter>Header Files</Filter>
    </ClInclude>
    <ClInclude Include="controller\supplierLinkman\exportSupLinkman\ExportSupLinkmanController.h">
      <Filter>Header Files</Filter>
    </ClInclude>
    <ClInclude Include="controller\supplier\querySupFormItem\QuerySupFormItemController.h">
      <Filter>Header Files</Filter>
    </ClInclude>
    <ClInclude Include="controller\supplier\SupplierController.h">
      <Filter>Header Files</Filter>
    </ClInclude>
    <ClInclude Include="domain\dto\supplier\SupFormItemDTO.h">
      <Filter>Header Files</Filter>
    </ClInclude>
    <ClInclude Include="domain\query\supplierLinkman\ExportSupLinkmanQuery.h">
      <Filter>Header Files</Filter>
    </ClInclude>
    <ClInclude Include="domain\query\supplierLinkman\SendMessageQuery.h">
      <Filter>Header Files</Filter>
    </ClInclude>
    <ClInclude Include="domain\query\supplier\SupFormItemQuery.h">
      <Filter>Header Files</Filter>
    </ClInclude>
    <ClInclude Include="domain\vo\supplier\SupFormItemJsonVO.h">
      <Filter>Header Files</Filter>
    </ClInclude>
    <ClInclude Include="domain\vo\supplier\SupplierVO.h">
      <Filter>Header Files</Filter>
    </ClInclude>
    <ClInclude Include="controller\supplierLinkman\sendMessage\SendMessageController.h">
      <Filter>Header Files</Filter>
    </ClInclude>
    <ClInclude Include="controller\supplierLinkman\modifyLinkman\ModifyLinkmanController.h">
      <Filter>Header Files</Filter>
    </ClInclude>
    <ClInclude Include="domain\dto\supplierLinkman\LinkmanDTO.h">
      <Filter>Header Files</Filter>
    </ClInclude>
    <ClInclude Include="controller\supplierLinkman\removeSupLinkman\RemoveSupLinkmanController.h">
      <Filter>Header Files</Filter>
    </ClInclude>
    <ClInclude Include="domain\dto\supplierLinkman\RemoveSupLinkmanDTO.h">
      <Filter>Header Files</Filter>
    </ClInclude>
    <ClInclude Include="controller\supplier\removeSupplier\RemoveSupplierController.h">
      <Filter>Header Files</Filter>
    </ClInclude>
    <ClInclude Include="domain\dto\supplier\RemoveSupplierDTO.h">
      <Filter>Header Files</Filter>
    </ClInclude>
    <ClInclude Include="domain\query\supplierLinkman\SendMessageQuery.h">
      <Filter>Header Files</Filter>
    </ClInclude>
    <ClInclude Include="controller\supplierLinkman\sendMessage\SendMessageController.h">
      <Filter>Header Files</Filter>
    </ClInclude>
    <ClInclude Include="domain\dto\supplierLinkman\BasicDataDTO.h">
      <Filter>Header Files</Filter>
    </ClInclude>
    <ClInclude Include="domain\query\supplierLinkman\SendEmailQuery.h">
      <Filter>Header Files</Filter>
    </ClInclude>
    <ClInclude Include="domain\vo\supplierLinkman\BasicDataVO.h">
      <Filter>Header Files</Filter>
    </ClInclude>
    <ClInclude Include="controller\supplierLinkman\sendEmail\SendEmailController.h">
      <Filter>Header Files</Filter>
    </ClInclude>
    <ClInclude Include="controller\supplierLinkman\basicData\BasicDataController.h">
      <Filter>Header Files</Filter>
    </ClInclude>
    <ClInclude Include="controller\supplierLinkman\queryLinkmanName\QueryLinkmanNameController.h">
      <Filter>Header Files</Filter>
    </ClInclude>
    <ClInclude Include="domain\query\supplierLinkman\LinkmanNameQuery.h">
      <Filter>Header Files</Filter>
    </ClInclude>
    <ClInclude Include="domain\vo\supplierLinkman\LinkmanNameJsonVO.h">
      <Filter>Header Files</Filter>
    </ClInclude>
    <ClInclude Include="domain\dto\supplierLinkman\LinkmanNameDTO.h">
      <Filter>Header Files</Filter>
    </ClInclude>
    <ClInclude Include="controller\supplierLinkman\SupplierLinkmanController.h">
      <Filter>Header Files</Filter>
    </ClInclude>
    <ClInclude Include="domain\query\supplierLinkman\SupplierLinkmanQuery.h">
      <Filter>Header Files</Filter>
    </ClInclude>
    <ClInclude Include="domain\dto\supplierLinkman\SupplierLinkmanDTO.h">
      <Filter>Header Files</Filter>
    </ClInclude>
    <ClInclude Include="domain\vo\supplierLinkman\SupplierLinkmanVO.h">
      <Filter>Header Files</Filter>
    </ClInclude>
    <ClInclude Include="domain\do\supplierLinkman\SupplierLinkmanDO.h">
      <Filter>Header Files</Filter>
    </ClInclude>
    <ClInclude Include="domain\do\supplier\SupplierDO.h">
      <Filter>Header Files</Filter>
    </ClInclude>
    <ClInclude Include="domain\do\cstFieldExt\CstFieldExtDO.h">
      <Filter>Header Files</Filter>
    </ClInclude>
    <ClInclude Include="service\supplierLinkman\updateSupLinkman\UpdateLinkmanService.h">
      <Filter>Header Files</Filter>
    </ClInclude>
    <ClInclude Include="dao\supplierLinkman\updateSupLinkman\LinkmanDAO.h">
      <Filter>Header Files</Filter>
    </ClInclude>
    <ClInclude Include="uselib\excel\UseExcel.h">
      <Filter>Header Files</Filter>
    </ClInclude>
    <ClInclude Include="service\supplierLinkman\exportSupLinkman\ExportSupLinkmanService.h">
      <Filter>Header Files</Filter>
    </ClInclude>
    <ClInclude Include="service\supplier\listSupFormItem\ListSupFormItemService.h">
      <Filter>Header Files</Filter>
    </ClInclude>
    <ClInclude Include="dao\mapper\CstFieldExtMapper.h">
      <Filter>Header Files</Filter>
    </ClInclude>
    <ClInclude Include="dao\mapper\SupplierLinkmanMapper.h">
      <Filter>Header Files</Filter>
    </ClInclude>
    <ClInclude Include="dao\mapper\ToStringMapper.h">
      <Filter>Header Files</Filter>
    </ClInclude>
    <ClInclude Include="dao\supplier\selectSupFormItem\SelectSupFormItemDAO.h">
      <Filter>Header Files</Filter>
    </ClInclude>
    <ClInclude Include="dao\supplierLinkman\exportSupLinkman\ExportSupLinkmanDAO.h">
      <Filter>Header Files</Filter>
    </ClInclude>
    <ClInclude Include="dao\mapper\SupplierNameMapper.h">
      <Filter>Header Files</Filter>
    </ClInclude>
    <ClInclude Include="dao\supplier\selectSupplierName\SelectSupplierNameDAO.h">
      <Filter>Header Files</Filter>
    </ClInclude>
    <ClInclude Include="dao\supplier\updateSupplier\UpdateSupplierDAO.h">
      <Filter>Header Files</Filter>
    </ClInclude>
    <ClInclude Include="service\supplier\listSupplierName\ListSupplierNameService.h">
      <Filter>Header Files</Filter>
    </ClInclude>
    <ClInclude Include="service\supplier\updateSupplier\UpdateSupplierService.h">
      <Filter>Header Files</Filter>
    </ClInclude>
    <ClInclude Include="service\supplierLinkman\saveSupLinkman\SaveSupLinkmanService.h">
      <Filter>Header Files</Filter>
    </ClInclude>
    <ClInclude Include="service\supplier\supplierList\SupplierListService.h">
      <Filter>Header Files</Filter>
    </ClInclude>
    <ClInclude Include="service\supplier\removeSupplier\RemoveSupplierService.h">
      <Filter>Header Files</Filter>
    </ClInclude>
    <ClInclude Include="dao\mapper\ModifySupplierMapper.h">
      <Filter>Header Files</Filter>
    </ClInclude>
    <ClInclude Include="dao\mapper\SupplierListMapper.h">
      <Filter>Header Files</Filter>
    </ClInclude>
    <ClInclude Include="dao\supplier\removeSupplier\RemoveSupplierDAO.h">
      <Filter>Header Files</Filter>
    </ClInclude>
    <ClInclude Include="dao\supplier\supplierList\SupplierListDAO.h">
      <Filter>Header Files</Filter>
    </ClInclude>
    <ClInclude Include="dao\supplierLinkman\insertSupLinkman\InsertSupLinkmanDAO.h">
      <Filter>Header Files</Filter>
    </ClInclude>
    <ClInclude Include="dao\mapper\SelectSupLinkmanNameMapper.h">
      <Filter>Header Files</Filter>
    </ClInclude>
    <ClInclude Include="dao\supplierLinkman\selectSupLinkmanName\SelectSupLinkmanNameDAO.h">
      <Filter>Header Files</Filter>
    </ClInclude>
    <ClInclude Include="service\supplierLinkman\listSupLinkmanName\ListSupLinkmanNameService.h">
      <Filter>Header Files</Filter>
    </ClInclude>
    <ClInclude Include="domain\dto\supplierLinkman\SendEmailDTO.h">
      <Filter>Header Files</Filter>
    </ClInclude>
    <ClInclude Include="service\supplierLinkman\sendEmail\declarative\SendEmailApiClient.h">
      <Filter>Header Files</Filter>
    </ClInclude>
    <ClInclude Include="service\supplierLinkman\sendEmail\SendEmailService.h">
      <Filter>Header Files</Filter>
    </ClInclude>
    <ClInclude Include="dao\supplierLinkman\sendEmail\SendEmailDAO.h">
      <Filter>Header Files</Filter>
    </ClInclude>
    <ClInclude Include="dao\supplierLinkman\basicData\BasicDataDAO.h">
      <Filter>Header Files</Filter>
    </ClInclude>
    <ClInclude Include="service\supplierLinkman\basicData\BasicDataService.h">
      <Filter>Header Files</Filter>
    </ClInclude>
    <ClInclude Include="service\supplierLinkman\removeSupLinkman\RemoveSupLinkmanService.h">
      <Filter>Header Files</Filter>
    </ClInclude>
    <ClInclude Include="dao\supplierLinkman\deleteSupLinkman\DeleteSupLinkmanDAO.h">
      <Filter>Header Files</Filter>
    </ClInclude>
    <ClInclude Include="uselib\redis\UseRedis.h">
      <Filter>Header Files</Filter>
    </ClInclude>
    <ClInclude Include="service\supplierLinkman\listSupLinkman\ListSupLinkmanService.h">
      <Filter>Header Files</Filter>
    </ClInclude>
    <ClInclude Include="dao\supplierLinkman\selectSupLinkman\SelectSupLinkmanDAO.h">
      <Filter>Header Files</Filter>
    </ClInclude>
    <ClInclude Include="dao\mapper\SendEmailMapper.h">
      <Filter>Header Files</Filter>
    </ClInclude>
    <ClInclude Include="dao\mapper\BasicDataMapper.h">
      <Filter>Header Files</Filter>
    </ClInclude>
    <ClInclude Include="service\supplierLinkman\sendMessage\declarative\SendMessageApiClient.h">
      <Filter>Header Files</Filter>
    </ClInclude>
    <ClInclude Include="service\supplierLinkman\sendMessage\SendMessageService.h">
      <Filter>Header Files</Filter>
    </ClInclude>
    <ClInclude Include="dao\supplierLinkman\sendMessage\SendMessageDAO.h">
      <Filter>Header Files</Filter>
    </ClInclude>
    <ClInclude Include="dao\mapper\SendMessageMapper.h">
      <Filter>Header Files</Filter>
    </ClInclude>
    <ClInclude Include="uselib\jwt\TestToken.h">
      <Filter>Header Files</Filter>
    </ClInclude>
    <ClInclude Include="domain\dto\supplierLinkman\SupplierLinkmanFormItemDTO.h">
      <Filter>Header Files</Filter>
    </ClInclude>
    <ClInclude Include="domain\dto\supplierLinkman\SendMessageDTO.h">
      <Filter>Header Files</Filter>
    </ClInclude>
    <ClInclude Include="domain\dto\supplierLinkman\SendMessageDeclDTO.h">
      <Filter>Header Files</Filter>
    </ClInclude>
    <ClInclude Include="uselib\fastdfs\UseFastdfs.h">
      <Filter>Header Files</Filter>
    </ClInclude>
  </ItemGroup>
  <ItemGroup>
    <ClCompile Include="main.cpp">
      <Filter>Source Files</Filter>
    </ClCompile>
    <ClCompile Include="stdafx.cpp">
      <Filter>Source Files</Filter>
    </ClCompile>
    <ClCompile Include="controller\Router.cpp">
      <Filter>Source Files</Filter>
    </ClCompile>
    <ClCompile Include="controller\SystemInterceptor.cpp">
      <Filter>Source Files</Filter>
    </ClCompile>
    <ClCompile Include="controller\supplier\modifySupplier\ModifySupplierController.cpp">
      <Filter>Source Files</Filter>
    </ClCompile>
    <ClCompile Include="controller\supplier\querySupplierName\QuerySupplierNameController.cpp">
      <Filter>Source Files</Filter>
    </ClCompile>
    <ClCompile Include="controller\supplierLinkman\exportSupLinkman\ExportSupLinkmanController.cpp">
      <Filter>Source Files</Filter>
    </ClCompile>
    <ClCompile Include="controller\supplier\querySupFormItem\QuerySupFormItemController.cpp">
      <Filter>Source Files</Filter>
    </ClCompile>
    <ClCompile Include="controller\supplier\SupplierController.cpp">
      <Filter>Source Files</Filter>
    </ClCompile>
    <ClCompile Include="controller\supplierLinkman\sendMessage\SendMessageController.cpp">
      <Filter>Source Files</Filter>
    </ClCompile>
    <ClCompile Include="controller\supplierLinkman\modifyLinkman\ModifyLinkmanController.cpp">
      <Filter>Source Files</Filter>
    </ClCompile>
    <ClCompile Include="controller\supplierLinkman\removeSupLinkman\RemoveSupLinkmanController.cpp">
      <Filter>Source Files</Filter>
    </ClCompile>
    <ClCompile Include="controller\supplier\removeSupplier\RemoveSupplierController.cpp">
      <Filter>Source Files</Filter>
    </ClCompile>
    <ClCompile Include="controller\supplierLinkman\sendMessage\SendMessageController.cpp">
      <Filter>Source Files</Filter>
    </ClCompile>
    <ClCompile Include="controller\supplierLinkman\sendEmail\SendEmailController.cpp">
      <Filter>Source Files</Filter>
    </ClCompile>
    <ClCompile Include="controller\supplierLinkman\basicData\BasicDataController.cpp">
      <Filter>Source Files</Filter>
    </ClCompile>
    <ClCompile Include="controller\supplierLinkman\queryLinkmanName\QueryLinkmanNameController.cpp">
      <Filter>Source Files</Filter>
    </ClCompile>
    <ClCompile Include="controller\supplierLinkman\SupplierLinkmanController.cpp">
      <Filter>Source Files</Filter>
    </ClCompile>
    <ClCompile Include="service\supplierLinkman\updateSupLinkman\UpdateLinkmanService.cpp">
      <Filter>Source Files</Filter>
    </ClCompile>
    <ClCompile Include="dao\supplierLinkman\updateSupLinkman\LinkmanDAO.cpp">
      <Filter>Source Files</Filter>
    </ClCompile>
    <ClCompile Include="uselib\excel\UseExcel.cpp">
      <Filter>Source Files</Filter>
    </ClCompile>
    <ClCompile Include="service\supplierLinkman\exportSupLinkman\ExportSupLinkmanService.cpp">
      <Filter>Source Files</Filter>
    </ClCompile>
    <ClCompile Include="service\supplier\listSupFormItem\ListSupFormItemService.cpp">
      <Filter>Source Files</Filter>
    </ClCompile>
    <ClCompile Include="dao\supplier\selectSupFormItem\SelectSupFormItemDAO.cpp">
      <Filter>Source Files</Filter>
    </ClCompile>
    <ClCompile Include="dao\supplierLinkman\exportSupLinkman\ExportSupLinkmanDAO.cpp">
      <Filter>Source Files</Filter>
    </ClCompile>
    <ClCompile Include="dao\supplier\selectSupplierName\SelectSupplierNameDAO.cpp">
      <Filter>Source Files</Filter>
    </ClCompile>
    <ClCompile Include="dao\supplier\updateSupplier\UpdateSupplierDAO.cpp">
      <Filter>Source Files</Filter>
    </ClCompile>
    <ClCompile Include="service\supplier\listSupplierName\ListSupplierNameService.cpp">
      <Filter>Source Files</Filter>
    </ClCompile>
    <ClCompile Include="service\supplier\updateSupplier\UpdateSupplierService.cpp">
      <Filter>Source Files</Filter>
    </ClCompile>
    <ClCompile Include="service\supplierLinkman\saveSupLinkman\SaveSupLinkmanService.cpp">
      <Filter>Source Files</Filter>
    </ClCompile>
    <ClCompile Include="service\supplier\supplierList\SupplierListService.cpp">
      <Filter>Source Files</Filter>
    </ClCompile>
    <ClCompile Include="service\supplier\removeSupplier\RemoveSupplierService.cpp">
      <Filter>Source Files</Filter>
    </ClCompile>
    <ClCompile Include="dao\supplier\removeSupplier\RemoveSupplierDAO.cpp">
      <Filter>Source Files</Filter>
    </ClCompile>
    <ClCompile Include="dao\supplier\supplierList\SupplierListDAO.cpp">
      <Filter>Source Files</Filter>
    </ClCompile>
    <ClCompile Include="dao\supplierLinkman\insertSupLinkman\InsertSupLinkmanDAO.cpp">
      <Filter>Source Files</Filter>
    </ClCompile>
    <ClCompile Include="dao\supplierLinkman\selectSupLinkmanName\SelectSupLinkmanNameDAO.cpp">
      <Filter>Source Files</Filter>
    </ClCompile>
    <ClCompile Include="service\supplierLinkman\listSupLinkmanName\ListSupLinkmanNameService.cpp">
      <Filter>Source Files</Filter>
    </ClCompile>
    <ClCompile Include="service\supplierLinkman\sendEmail\SendEmailService.cpp">
      <Filter>Source Files</Filter>
    </ClCompile>
    <ClCompile Include="dao\supplierLinkman\sendEmail\SendEmailDAO.cpp">
      <Filter>Source Files</Filter>
    </ClCompile>
    <ClCompile Include="dao\supplierLinkman\basicData\BasicDataDAO.cpp">
      <Filter>Source Files</Filter>
    </ClCompile>
    <ClCompile Include="service\supplierLinkman\basicData\BasicDataService.cpp">
      <Filter>Source Files</Filter>
    </ClCompile>
    <ClCompile Include="service\supplierLinkman\removeSupLinkman\RemoveSupLinkmanService.cpp">
      <Filter>Source Files</Filter>
    </ClCompile>
    <ClCompile Include="dao\supplierLinkman\deleteSupLinkman\DeleteSupLinkmanDAO.cpp">
      <Filter>Source Files</Filter>
    </ClCompile>
    <ClCompile Include="uselib\redis\UseRedis.cpp">
      <Filter>Source Files</Filter>
    </ClCompile>
    <ClCompile Include="service\supplierLinkman\listSupLinkman\ListSupLinkmanService.cpp">
      <Filter>Source Files</Filter>
    </ClCompile>
    <ClCompile Include="dao\supplierLinkman\selectSupLinkman\SelectSupLinkmanDAO.cpp">
      <Filter>Source Files</Filter>
    </ClCompile>
    <ClCompile Include="service\supplierLinkman\sendMessage\SendMessageService.cpp">
      <Filter>Source Files</Filter>
    </ClCompile>
    <ClCompile Include="dao\supplierLinkman\sendMessage\SendMessageDAO.cpp">
      <Filter>Source Files</Filter>
    </ClCompile>
    <ClCompile Include="uselib\jwt\TestToken.cpp">
      <Filter>Source Files</Filter>
    </ClCompile>
    <ClCompile Include="uselib\fastdfs\UseFastdfs.cpp">
      <Filter>Source Files</Filter>
    </ClCompile>
  </ItemGroup>
  <ItemGroup>
    <None Include="domain\dto\supplierLinkman\.keep" />
  </ItemGroup>
</Project>