<?xml version="1.0" encoding="utf-8"?>
<Project ToolsVersion="4.0" xmlns="http://schemas.microsoft.com/developer/msbuild/2003">
  <ItemGroup>
    <ClCompile Include="controller\querySupNameList\QuerySupNameListController.cpp" />
    <ClCompile Include="controller\Router.cpp" />
    <ClCompile Include="controller\SystemInterceptor.cpp" />
    <ClCompile Include="main.cpp" />
    <ClCompile Include="stdafx.cpp" />
    <ClCompile Include="controller\queryLinkmanNameList\QueryLinkmanNameListController.cpp" />
    <ClCompile Include="controller\area\AreaController.cpp" />
    <ClCompile Include="controller\warehouse\WarehouseController.cpp" />
    <ClCompile Include="controller\orgStructure\OrgStructureController.cpp" />
    <ClCompile Include="controller\clientManage\ClientManageController.cpp" />
    <ClCompile Include="controller\financeType\FinanceTypeController.cpp" />
    <ClCompile Include="uselib\jwt\TestToken.cpp" />
    <ClCompile Include="controller\dataDict\DataDictController.cpp" />
    <ClCompile Include="controller\saleManage\SaleManageController.cpp" />
    <ClCompile Include="controller\queryGoodsName\QueryGoodsNameListController.cpp" />
  </ItemGroup>
  <ItemGroup>
    <ClInclude Include="controller\ApiDeclarativeServicesHelper.h" />
    <ClInclude Include="controller\OtherComponent.hpp" />
    <ClInclude Include="controller\querySupNameList\QuerySupNameListController.h" />
    <ClInclude Include="domain\dto\PullListDTO.h" />
    <ClInclude Include="domain\vo\PullListJsonVO.h" />
    <ClInclude Include="service\listSupNameList\SupNameListApiClient.h" />
    <ClInclude Include="controller\Router.h" />
    <ClInclude Include="domain\do\DoInclude.h" />
    <ClInclude Include="domain\dto\ListDTO.h" />
    <ClInclude Include="domain\GlobalInclude.h" />
    <ClInclude Include="Macros.h" />
    <ClInclude Include="ServerInfo.h" />
    <ClInclude Include="stdafx.h" />
    <ClInclude Include="domain\query\PullListQuery.h" />
    <ClInclude Include="domain\vo\supplierManage\SupplierNameVO.h" />
    <ClInclude Include="domain\dto\supplierManage\SupplierNameDTO.h" />
    <ClInclude Include="controller\queryLinkmanNameList\QueryLinkmanNameListController.h" />
    <ClInclude Include="domain\dto\supplierLinkmanManage\LinkmanNameDTO.h" />
    <ClInclude Include="domain\query\supplierManage\SupplierNameQuery.h" />
    <ClInclude Include="domain\vo\supplierLinkmanManage\LinkmanNameJsonVO.h" />
    <ClInclude Include="service\listLinkmanNameList\LinkmanNameListApiClient.h" />
    <ClInclude Include="service\area\AreaApiController.h" />
    <ClInclude Include="service\warehouse\WarehouseApiClient.h" />
    <ClInclude Include="controller\area\AreaController.h" />
    <ClInclude Include="controller\warehouse\WarehouseController.h" />
    <ClInclude Include="controller\orgStructure\OrgStructureController.h" />
    <ClInclude Include="service\orgStructure\OrgStructureApiClient.h" />
    <ClInclude Include="controller\clientManage\ClientManageController.h" />
    <ClInclude Include="domain\vo\clientManage\ClientNameJsonVO.h" />
    <ClInclude Include="service\clientManage\ClientManageApiClient.h" />
    <ClInclude Include="domain\dto\clientManage\ClientNameDTO.h" />
    <ClInclude Include="controller\financeType\FinanceTypeController.h" />
    <ClInclude Include="service\financeType\FinanceTypeApiClient.h" />
    <ClInclude Include="uselib\jwt\TestToken.h" />
    <ClInclude Include="domain\dto\financeType\BankAccountDTO.h" />
    <ClInclude Include="domain\vo\financeType\BankAccountJsonVO.h" />
    <ClInclude Include="domain\dto\warehouse\WarehouseDTO.h" />
    <ClInclude Include="domain\vo\warehouse\WarehouseJsonVO.h" />
    <ClInclude Include="domain\vo\financeType\CostIncomeJsonVO.h" />
    <ClInclude Include="domain\vo\financeType\CostExpenseJsonVO.h" />
    <ClInclude Include="controller\dataDict\DataDictController.h" />
    <ClInclude Include="domain\dto\dataDict\DataDictDTO.h" />
    <ClInclude Include="domain\vo\dataDict\DataDictJsonVO.h" />
    <ClInclude Include="service\dataDict\DataDictApiClient.h" />
    <ClInclude Include="domain\query\clientManage\ContactNameQuery.h" />
    <ClInclude Include="domain\dto\clientManage\ContactNameDTO.h" />
    <ClInclude Include="domain\vo\clientManage\ContactNameJsonVO.h" />
    <ClInclude Include="domain\dto\saleManage\SaleOpportunityDTO.h" />
    <ClInclude Include="domain\query\saleManage\SaleOpportunityQuery.h" />
    <ClInclude Include="domain\vo\saleManage\SaleOpportunityJsonVO.h" />
    <ClInclude Include="service\saleManage\SaleManageApiClient.h" />
    <ClInclude Include="controller\saleManage\SaleManageController.h" />
    <ClInclude Include="domain\query\saleManage\SaleContractQuery.h" />
    <ClInclude Include="domain\dto\saleManage\SaleContractDTO.h" />
    <ClInclude Include="domain\vo\saleManage\SaleContractJsonVO.h" />
    <ClInclude Include="domain\dto\financeType\CostIncomeDTO.h" />
    <ClInclude Include="domain\dto\financeType\CostExpenseDTO.h" />
    <ClInclude Include="service\goodsCategoryNameList\GoodsNameListApiClient.h" />
    <ClInclude Include="controller\queryGoodsName\QueryGoodsNameListController.h" />
    <ClInclude Include="domain\dto\goodsCategory\CategoryNameTreeDTO.h" />
    <ClInclude Include="domain\vo\goodsCategory\GoodsCategoryJsonVO.h" />
  </ItemGroup>
</Project>